
Microsoft Visual Studio Solution File, Format Version 12.00
# Visual Studio Version 17
VisualStudioVersion = 17.1.32228.430
MinimumVisualStudioVersion = 10.0.40219.1
Project("{8BC9CEB8-8B4A-11D0-8D11-00A0C91BC942}") = "summerFloat", "summerFloat.vcxproj", "{ACD9E7DB-2C39-489C-A10D-A8D4FA0DCD61}"
EndProject
Global
	GlobalSection(SolutionConfigurationPlatforms) = preSolution
		Debug|x64 = Debug|x64
		Debug|x86 = Debug|x86
		Release|x64 = Release|x64
		Release|x86 = Release|x86
	EndGlobalSection
	GlobalSection(ProjectConfigurationPlatforms) = postSolution
		{ACD9E7DB-2C39-489C-A10D-A8D4FA0DCD61}.Debug|x64.ActiveCfg = Debug|x64
		{ACD9E7DB-2C39-489C-A10D-A8D4FA0DCD61}.Debug|x64.Build.0 = Debug|x64
		{ACD9E7DB-2C39-489C-A10D-A8D4FA0DCD61}.Debug|x86.ActiveCfg = Debug|Win32
		{ACD9E7DB-2C39-489C-A10D-A8D4FA0DCD61}.Debug|x86.Build.0 = Debug|Win32
		{ACD9E7DB-2C39-489C-A10D-A8D4FA0DCD61}.Release|x64.ActiveCfg = Release|x64
		{ACD9E7DB-2C39-489C-A10D-A8D4FA0DCD61}.Release|x64.Build.0 = Release|x64
		{ACD9E7DB-2C39-489C-A10D-A8D4FA0DCD61}.Release|x86.ActiveCfg = Release|Win32
		{ACD9E7DB-2C39-489C-A10D-A8D4FA0DCD61}.Release|x86.Build.0 = Release|Win32
	EndGlobalSection
	GlobalSection(SolutionProperties) = preSolution
		HideSolutionNode = FALSE
	EndGlobalSection
	GlobalSection(ExtensibilityGlobals) = postSolution
		SolutionGuid = {A2992AC8-5AC9-4CB3-9B03-E8B919C6CFD9}
	EndGlobalSection
EndGlobal
